// !$*UTF8*$!
{
	archiveVersion = 1;
	classes = {
	};
	objectVersion = 46;
	objects = {

/* Begin PBXBuildFile section */
		D3DE8F6F1E0A521C00D32F9E /* main.m in Sources */ = {isa = PBXBuildFile; fileRef = D3DE8F6E1E0A521C00D32F9E /* main.m */; };
		D3DE8F721E0A521C00D32F9E /* AppDelegate.m in Sources */ = {isa = PBXBuildFile; fileRef = D3DE8F711E0A521C00D32F9E /* AppDelegate.m */; };
		D3DE8F751E0A521C00D32F9E /* ViewController.m in Sources */ = {isa = PBXBuildFile; fileRef = D3DE8F741E0A521C00D32F9E /* ViewController.m */; };
		D3DE8F781E0A521C00D32F9E /* Main.storyboard in Resources */ = {isa = PBXBuildFile; fileRef = D3DE8F761E0A521C00D32F9E /* Main.storyboard */; };
		D3DE8F7A1E0A521C00D32F9E /* Assets.xcassets in Resources */ = {isa = PBXBuildFile; fileRef = D3DE8F791E0A521C00D32F9E /* Assets.xcassets */; };
		D3DE8F7D1E0A521C00D32F9E /* LaunchScreen.storyboard in Resources */ = {isa = PBXBuildFile; fileRef = D3DE8F7B1E0A521C00D32F9E /* LaunchScreen.storyboard */; };
		D3DE8F881E0A521C00D32F9E /* UIImageHandleTests.m in Sources */ = {isa = PBXBuildFile; fileRef = D3DE8F871E0A521C00D32F9E /* UIImageHandleTests.m */; };
		D3DE8F941E0A528D00D32F9E /* UIImage+KHandle.m in Sources */ = {isa = PBXBuildFile; fileRef = D3DE8F931E0A528D00D32F9E /* UIImage+KHandle.m */; };
		D3DE8F961E0A805600D32F9E /* CYP_ComplaintsSuccess@3x.png in Resources */ = {isa = PBXBuildFile; fileRef = D3DE8F951E0A805600D32F9E /* CYP_ComplaintsSuccess@3x.png */; };
		D3DE8F981E0A82D200D32F9E /* QuartzCore.framework in Frameworks */ = {isa = PBXBuildFile; fileRef = D3DE8F971E0A82D200D32F9E /* QuartzCore.framework */; };
/* End PBXBuildFile section */

/* Begin PBXContainerItemProxy section */
		D3DE8F841E0A521C00D32F9E /* PBXContainerItemProxy */ = {
			isa = PBXContainerItemProxy;
			containerPortal = D3DE8F621E0A521C00D32F9E /* Project object */;
			proxyType = 1;
			remoteGlobalIDString = D3DE8F691E0A521C00D32F9E;
			remoteInfo = UIImageHandle;
		};
/* End PBXContainerItemProxy section */

/* Begin PBXFileReference section */
		D3DE8F6A1E0A521C00D32F9E /* UIImageHandle.app */ = {isa = PBXFileReference; explicitFileType = wrapper.application; includeInIndex = 0; path = UIImageHandle.app; sourceTree = BUILT_PRODUCTS_DIR; };
		D3DE8F6E1E0A521C00D32F9E /* main.m */ = {isa = PBXFileReference; lastKnownFileType = sourcecode.c.objc; path = main.m; sourceTree = "<group>"; };
		D3DE8F701E0A521C00D32F9E /* AppDelegate.h */ = {isa = PBXFileReference; lastKnownFileType = sourcecode.c.h; path = AppDelegate.h; sourceTree = "<group>"; };
		D3DE8F711E0A521C00D32F9E /* AppDelegate.m */ = {isa = PBXFileReference; lastKnownFileType = sourcecode.c.objc; path = AppDelegate.m; sourceTree = "<group>"; };
		D3DE8F731E0A521C00D32F9E /* ViewController.h */ = {isa = PBXFileReference; lastKnownFileType = sourcecode.c.h; path = ViewController.h; sourceTree = "<group>"; };
		D3DE8F741E0A521C00D32F9E /* ViewController.m */ = {isa = PBXFileReference; lastKnownFileType = sourcecode.c.objc; path = ViewController.m; sourceTree = "<group>"; };
		D3DE8F771E0A521C00D32F9E /* Base */ = {isa = PBXFileReference; lastKnownFileType = file.storyboard; name = Base; path = Base.lproj/Main.storyboard; sourceTree = "<group>"; };
		D3DE8F791E0A521C00D32F9E /* Assets.xcassets */ = {isa = PBXFileReference; lastKnownFileType = folder.assetcatalog; path = Assets.xcassets; sourceTree = "<group>"; };
		D3DE8F7C1E0A521C00D32F9E /* Base */ = {isa = PBXFileReference; lastKnownFileType = file.storyboard; name = Base; path = Base.lproj/LaunchScreen.storyboard; sourceTree = "<group>"; };
		D3DE8F7E1E0A521C00D32F9E /* Info.plist */ = {isa = PBXFileReference; lastKnownFileType = text.plist.xml; path = Info.plist; sourceTree = "<group>"; };
		D3DE8F831E0A521C00D32F9E /* UIImageHandleTests.xctest */ = {isa = PBXFileReference; explicitFileType = wrapper.cfbundle; includeInIndex = 0; path = UIImageHandleTests.xctest; sourceTree = BUILT_PRODUCTS_DIR; };
		D3DE8F871E0A521C00D32F9E /* UIImageHandleTests.m */ = {isa = PBXFileReference; lastKnownFileType = sourcecode.c.objc; path = UIImageHandleTests.m; sourceTree = "<group>"; };
		D3DE8F891E0A521C00D32F9E /* Info.plist */ = {isa = PBXFileReference; lastKnownFileType = text.plist.xml; path = Info.plist; sourceTree = "<group>"; };
		D3DE8F921E0A528D00D32F9E /* UIImage+KHandle.h */ = {isa = PBXFileReference; fileEncoding = 4; lastKnownFileType = sourcecode.c.h; path = "UIImage+KHandle.h"; sourceTree = "<group>"; };
		D3DE8F931E0A528D00D32F9E /* UIImage+KHandle.m */ = {isa = PBXFileReference; fileEncoding = 4; lastKnownFileType = sourcecode.c.objc; path = "UIImage+KHandle.m"; sourceTree = "<group>"; };
		D3DE8F951E0A805600D32F9E /* CYP_ComplaintsSuccess@3x.png */ = {isa = PBXFileReference; lastKnownFileType = image.png; path = "CYP_ComplaintsSuccess@3x.png"; sourceTree = "<group>"; };
		D3DE8F971E0A82D200D32F9E /* QuartzCore.framework */ = {isa = PBXFileReference; lastKnownFileType = wrapper.framework; name = QuartzCore.framework; path = System/Library/Frameworks/QuartzCore.framework; sourceTree = SDKROOT; };
/* End PBXFileReference section */

/* Begin PBXFrameworksBuildPhase section */
		D3DE8F671E0A521C00D32F9E /* Frameworks */ = {
			isa = PBXFrameworksBuildPhase;
			buildActionMask = 2147483647;
			files = (
				D3DE8F981E0A82D200D32F9E /* QuartzCore.framework in Frameworks */,
			);
			runOnlyForDeploymentPostprocessing = 0;
		};
		D3DE8F801E0A521C00D32F9E /* Frameworks */ = {
			isa = PBXFrameworksBuildPhase;
			buildActionMask = 2147483647;
			files = (
			);
			runOnlyForDeploymentPostprocessing = 0;
		};
/* End PBXFrameworksBuildPhase section */

/* Begin PBXGroup section */
		D3DE8F611E0A521C00D32F9E = {
			isa = PBXGroup;
			children = (
				D3DE8F971E0A82D200D32F9E /* QuartzCore.framework */,
				D3DE8F6C1E0A521C00D32F9E /* UIImageHandle */,
				D3DE8F861E0A521C00D32F9E /* UIImageHandleTests */,
				D3DE8F6B1E0A521C00D32F9E /* Products */,
			);
			sourceTree = "<group>";
		};
		D3DE8F6B1E0A521C00D32F9E /* Products */ = {
			isa = PBXGroup;
			children = (
				D3DE8F6A1E0A521C00D32F9E /* UIImageHandle.app */,
				D3DE8F831E0A521C00D32F9E /* UIImageHandleTests.xctest */,
			);
			name = Products;
			sourceTree = "<group>";
		};
		D3DE8F6C1E0A521C00D32F9E /* UIImageHandle */ = {
			isa = PBXGroup;
			children = (
				D3DE8F951E0A805600D32F9E /* CYP_ComplaintsSuccess@3x.png */,
				D3DE8F701E0A521C00D32F9E /* AppDelegate.h */,
				D3DE8F711E0A521C00D32F9E /* AppDelegate.m */,
				D3DE8F731E0A521C00D32F9E /* ViewController.h */,
				D3DE8F741E0A521C00D32F9E /* ViewController.m */,
				D3DE8F761E0A521C00D32F9E /* Main.storyboard */,
				D3DE8F791E0A521C00D32F9E /* Assets.xcassets */,
				D3DE8F7B1E0A521C00D32F9E /* LaunchScreen.storyboard */,
				D3DE8F7E1E0A521C00D32F9E /* Info.plist */,
				D3DE8F6D1E0A521C00D32F9E /* Supporting Files */,
				D3DE8F921E0A528D00D32F9E /* UIImage+KHandle.h */,
				D3DE8F931E0A528D00D32F9E /* UIImage+KHandle.m */,
			);
			path = UIImageHandle;
			sourceTree = "<group>";
		};
		D3DE8F6D1E0A521C00D32F9E /* Supporting Files */ = {
			isa = PBXGroup;
			children = (
				D3DE8F6E1E0A521C00D32F9E /* main.m */,
			);
			name = "Supporting Files";
			sourceTree = "<group>";
		};
		D3DE8F861E0A521C00D32F9E /* UIImageHandleTests */ = {
			isa = PBXGroup;
			children = (
				D3DE8F871E0A521C00D32F9E /* UIImageHandleTests.m */,
				D3DE8F891E0A521C00D32F9E /* Info.plist */,
			);
			path = UIImageHandleTests;
			sourceTree = "<group>";
		};
/* End PBXGroup section */

/* Begin PBXNativeTarget section */
		D3DE8F691E0A521C00D32F9E /* UIImageHandle */ = {
			isa = PBXNativeTarget;
			buildConfigurationList = D3DE8F8C1E0A521C00D32F9E /* Build configuration list for PBXNativeTarget "UIImageHandle" */;
			buildPhases = (
				D3DE8F661E0A521C00D32F9E /* Sources */,
				D3DE8F671E0A521C00D32F9E /* Frameworks */,
				D3DE8F681E0A521C00D32F9E /* Resources */,
			);
			buildRules = (
			);
			dependencies = (
			);
			name = UIImageHandle;
			productName = UIImageHandle;
			productReference = D3DE8F6A1E0A521C00D32F9E /* UIImageHandle.app */;
			productType = "com.apple.product-type.application";
		};
		D3DE8F821E0A521C00D32F9E /* UIImageHandleTests */ = {
			isa = PBXNativeTarget;
			buildConfigurationList = D3DE8F8F1E0A521C00D32F9E /* Build configuration list for PBXNativeTarget "UIImageHandleTests" */;
			buildPhases = (
				D3DE8F7F1E0A521C00D32F9E /* Sources */,
				D3DE8F801E0A521C00D32F9E /* Frameworks */,
				D3DE8F811E0A521C00D32F9E /* Resources */,
			);
			buildRules = (
			);
			dependencies = (
				D3DE8F851E0A521C00D32F9E /* PBXTargetDependency */,
			);
			name = UIImageHandleTests;
			productName = UIImageHandleTests;
			productReference = D3DE8F831E0A521C00D32F9E /* UIImageHandleTests.xctest */;
			productType = "com.apple.product-type.bundle.unit-test";
		};
/* End PBXNativeTarget section */

/* Begin PBXProject section */
		D3DE8F621E0A521C00D32F9E /* Project object */ = {
			isa = PBXProject;
			attributes = {
				LastUpgradeCheck = 0730;
				ORGANIZATIONNAME = kong;
				TargetAttributes = {
					D3DE8F691E0A521C00D32F9E = {
						CreatedOnToolsVersion = 7.3.1;
					};
					D3DE8F821E0A521C00D32F9E = {
						CreatedOnToolsVersion = 7.3.1;
						TestTargetID = D3DE8F691E0A521C00D32F9E;
					};
				};
			};
			buildConfigurationList = D3DE8F651E0A521C00D32F9E /* Build configuration list for PBXProject "UIImageHandle" */;
			compatibilityVersion = "Xcode 3.2";
			developmentRegion = English;
			hasScannedForEncodings = 0;
			knownRegions = (
				en,
				Base,
			);
			mainGroup = D3DE8F611E0A521C00D32F9E;
			productRefGroup = D3DE8F6B1E0A521C00D32F9E /* Products */;
			projectDirPath = "";
			projectRoot = "";
			targets = (
				D3DE8F691E0A521C00D32F9E /* UIImageHandle */,
				D3DE8F821E0A521C00D32F9E /* UIImageHandleTests */,
			);
		};
/* End PBXProject section */

/* Begin PBXResourcesBuildPhase section */
		D3DE8F681E0A521C00D32F9E /* Resources */ = {
			isa = PBXResourcesBuildPhase;
			buildActionMask = 2147483647;
			files = (
				D3DE8F961E0A805600D32F9E /* CYP_ComplaintsSuccess@3x.png in Resources */,
				D3DE8F7D1E0A521C00D32F9E /* LaunchScreen.storyboard in Resources */,
				D3DE8F7A1E0A521C00D32F9E /* Assets.xcassets in Resources */,
				D3DE8F781E0A521C00D32F9E /* Main.storyboard in Resources */,
			);
			runOnlyForDeploymentPostprocessing = 0;
		};
		D3DE8F811E0A521C00D32F9E /* Resources */ = {
			isa = PBXResourcesBuildPhase;
			buildActionMask = 2147483647;
			files = (
			);
			runOnlyForDeploymentPostprocessing = 0;
		};
/* End PBXResourcesBuildPhase section */

/* Begin PBXSourcesBuildPhase section */
		D3DE8F661E0A521C00D32F9E /* Sources */ = {
			isa = PBXSourcesBuildPhase;
			buildActionMask = 2147483647;
			files = (
				D3DE8F751E0A521C00D32F9E /* ViewController.m in Sources */,
				D3DE8F721E0A521C00D32F9E /* AppDelegate.m in Sources */,
				D3DE8F6F1E0A521C00D32F9E /* main.m in Sources */,
				D3DE8F941E0A528D00D32F9E /* UIImage+KHandle.m in Sources */,
			);
			runOnlyForDeploymentPostprocessing = 0;
		};
		D3DE8F7F1E0A521C00D32F9E /* Sources */ = {
			isa = PBXSourcesBuildPhase;
			buildActionMask = 2147483647;
			files = (
				D3DE8F881E0A521C00D32F9E /* UIImageHandleTests.m in Sources */,
			);
			runOnlyForDeploymentPostprocessing = 0;
		};
/* End PBXSourcesBuildPhase section */

/* Begin PBXTargetDependency section */
		D3DE8F851E0A521C00D32F9E /* PBXTargetDependency */ = {
			isa = PBXTargetDependency;
			target = D3DE8F691E0A521C00D32F9E /* UIImageHandle */;
			targetProxy = D3DE8F841E0A521C00D32F9E /* PBXContainerItemProxy */;
		};
/* End PBXTargetDependency section */

/* Begin PBXVariantGroup section */
		D3DE8F761E0A521C00D32F9E /* Main.storyboard */ = {
			isa = PBXVariantGroup;
			children = (
				D3DE8F771E0A521C00D32F9E /* Base */,
			);
			name = Main.storyboard;
			sourceTree = "<group>";
		};
		D3DE8F7B1E0A521C00D32F9E /* LaunchScreen.storyboard */ = {
			isa = PBXVariantGroup;
			children = (
				D3DE8F7C1E0A521C00D32F9E /* Base */,
			);
			name = LaunchScreen.storyboard;
			sourceTree = "<group>";
		};
/* End PBXVariantGroup section */

/* Begin XCBuildConfiguration section */
		D3DE8F8A1E0A521C00D32F9E /* Debug */ = {
			isa = XCBuildConfiguration;
			buildSettings = {
				ALWAYS_SEARCH_USER_PATHS = NO;
				CLANG_ANALYZER_NONNULL = YES;
				CLANG_CXX_LANGUAGE_STANDARD = "gnu++0x";
				CLANG_CXX_LIBRARY = "libc++";
				CLANG_ENABLE_MODULES = YES;
				CLANG_ENABLE_OBJC_ARC = YES;
				CLANG_WARN_BOOL_CONVERSION = YES;
				CLANG_WARN_CONSTANT_CONVERSION = YES;
				CLANG_WARN_DIRECT_OBJC_ISA_USAGE = YES_ERROR;
				CLANG_WARN_EMPTY_BODY = YES;
				CLANG_WARN_ENUM_CONVERSION = YES;
				CLANG_WARN_INT_CONVERSION = YES;
				CLANG_WARN_OBJC_ROOT_CLASS = YES_ERROR;
				CLANG_WARN_UNREACHABLE_CODE = YES;
				CLANG_WARN__DUPLICATE_METHOD_MATCH = YES;
				"CODE_SIGN_IDENTITY[sdk=iphoneos*]" = "iPhone Developer";
				COPY_PHASE_STRIP = NO;
				DEBUG_INFORMATION_FORMAT = dwarf;
				ENABLE_STRICT_OBJC_MSGSEND = YES;
				ENABLE_TESTABILITY = YES;
				GCC_C_LANGUAGE_STANDARD = gnu99;
				GCC_DYNAMIC_NO_PIC = NO;
				GCC_NO_COMMON_BLOCKS = YES;
				GCC_OPTIMIZATION_LEVEL = 0;
				GCC_PREPROCESSOR_DEFINITIONS = (
					"DEBUG=1",
					"$(inherited)",
				);
				GCC_WARN_64_TO_32_BIT_CONVERSION = YES;
				GCC_WARN_ABOUT_RETURN_TYPE = YES_ERROR;
				GCC_WARN_UNDECLARED_SELECTOR = YES;
				GCC_WARN_UNINITIALIZED_AUTOS = YES_AGGRESSIVE;
				GCC_WARN_UNUSED_FUNCTION = YES;
				GCC_WARN_UNUSED_VARIABLE = YES;
				IPHONEOS_DEPLOYMENT_TARGET = 9.3;
				MTL_ENABLE_DEBUG_INFO = YES;
				ONLY_ACTIVE_ARCH = YES;
				SDKROOT = iphoneos;
				TARGETED_DEVICE_FAMILY = "1,2";
			};
			name = Debug;
		};
		D3DE8F8B1E0A521C00D32F9E /* Release */ = {
			isa = XCBuildConfiguration;
			buildSettings = {
				ALWAYS_SEARCH_USER_PATHS = NO;
				CLANG_ANALYZER_NONNULL = YES;
				CLANG_CXX_LANGUAGE_STANDARD = "gnu++0x";
				CLANG_CXX_LIBRARY = "libc++";
				CLANG_ENABLE_MODULES = YES;
				CLANG_ENABLE_OBJC_ARC = YES;
				CLANG_WARN_BOOL_CONVERSION = YES;
				CLANG_WARN_CONSTANT_CONVERSION = YES;
				CLANG_WARN_DIRECT_OBJC_ISA_USAGE = YES_ERROR;
				CLANG_WARN_EMPTY_BODY = YES;
				CLANG_WARN_ENUM_CONVERSION = YES;
				CLANG_WARN_INT_CONVERSION = YES;
				CLANG_WARN_OBJC_ROOT_CLASS = YES_ERROR;
				CLANG_WARN_UNREACHABLE_CODE = YES;
				CLANG_WARN__DUPLICATE_METHOD_MATCH = YES;
				"CODE_SIGN_IDENTITY[sdk=iphoneos*]" = "iPhone Developer";
				COPY_PHASE_STRIP = NO;
				DEBUG_INFORMATION_FORMAT = "dwarf-with-dsym";
				ENABLE_NS_ASSERTIONS = NO;
				ENABLE_STRICT_OBJC_MSGSEND = YES;
				GCC_C_LANGUAGE_STANDARD = gnu99;
				GCC_NO_COMMON_BLOCKS = YES;
				GCC_WARN_64_TO_32_BIT_CONVERSION = YES;
				GCC_WARN_ABOUT_RETURN_TYPE = YES_ERROR;
				GCC_WARN_UNDECLARED_SELECTOR = YES;
				GCC_WARN_UNINITIALIZED_AUTOS = YES_AGGRESSIVE;
				GCC_WARN_UNUSED_FUNCTION = YES;
				GCC_WARN_UNUSED_VARIABLE = YES;
				IPHONEOS_DEPLOYMENT_TARGET = 9.3;
				MTL_ENABLE_DEBUG_INFO = NO;
				SDKROOT = iphoneos;
				TARGETED_DEVICE_FAMILY = "1,2";
				VALIDATE_PRODUCT = YES;
			};
			name = Release;
		};
		D3DE8F8D1E0A521C00D32F9E /* Debug */ = {
			isa = XCBuildConfiguration;
			buildSettings = {
				ASSETCATALOG_COMPILER_APPICON_NAME = AppIcon;
				INFOPLIST_FILE = UIImageHandle/Info.plist;
				LD_RUNPATH_SEARCH_PATHS = "$(inherited) @executable_path/Frameworks";
				PRODUCT_BUNDLE_IDENTIFIER = kong.UIImageHandle;
				PRODUCT_NAME = "$(TARGET_NAME)";
			};
			name = Debug;
		};
		D3DE8F8E1E0A521C00D32F9E /* Release */ = {
			isa = XCBuildConfiguration;
			buildSettings = {
				ASSETCATALOG_COMPILER_APPICON_NAME = AppIcon;
				INFOPLIST_FILE = UIImageHandle/Info.plist;
				LD_RUNPATH_SEARCH_PATHS = "$(inherited) @executable_path/Frameworks";
				PRODUCT_BUNDLE_IDENTIFIER = kong.UIImageHandle;
				PRODUCT_NAME = "$(TARGET_NAME)";
			};
			name = Release;
		};
		D3DE8F901E0A521C00D32F9E /* Debug */ = {
			isa = XCBuildConfiguration;
			buildSettings = {
				BUNDLE_LOADER = "$(TEST_HOST)";
				INFOPLIST_FILE = UIImageHandleTests/Info.plist;
				LD_RUNPATH_SEARCH_PATHS = "$(inherited) @executable_path/Frameworks @loader_path/Frameworks";
				PRODUCT_BUNDLE_IDENTIFIER = kong.UIImageHandleTests;
				PRODUCT_NAME = "$(TARGET_NAME)";
				TEST_HOST = "$(BUILT_PRODUCTS_DIR)/UIImageHandle.app/UIImageHandle";
			};
			name = Debug;
		};
		D3DE8F911E0A521C00D32F9E /* Release */ = {
			isa = XCBuildConfiguration;
			buildSettings = {
				BUNDLE_LOADER = "$(TEST_HOST)";
				INFOPLIST_FILE = UIImageHandleTests/Info.plist;
				LD_RUNPATH_SEARCH_PATHS = "$(inherited) @executable_path/Frameworks @loader_path/Frameworks";
				PRODUCT_BUNDLE_IDENTIFIER = kong.UIImageHandleTests;
				PRODUCT_NAME = "$(TARGET_NAME)";
				TEST_HOST = "$(BUILT_PRODUCTS_DIR)/UIImageHandle.app/UIImageHandle";
			};
			name = Release;
		};
/* End XCBuildConfiguration section */

/* Begin XCConfigurationList section */
		D3DE8F651E0A521C00D32F9E /* Build configuration list for PBXProject "UIImageHandle" */ = {
			isa = XCConfigurationList;
			buildConfigurations = (
				D3DE8F8A1E0A521C00D32F9E /* Debug */,
				D3DE8F8B1E0A521C00D32F9E /* Release */,
			);
			defaultConfigurationIsVisible = 0;
			defaultConfigurationName = Release;
		};
		D3DE8F8C1E0A521C00D32F9E /* Build configuration list for PBXNativeTarget "UIImageHandle" */ = {
			isa = XCConfigurationList;
			buildConfigurations = (
				D3DE8F8D1E0A521C00D32F9E /* Debug */,
				D3DE8F8E1E0A521C00D32F9E /* Release */,
			);
			defaultConfigurationIsVisible = 0;
		};
		D3DE8F8F1E0A521C00D32F9E /* Build configuration list for PBXNativeTarget "UIImageHandleTests" */ = {
			isa = XCConfigurationList;
			buildConfigurations = (
				D3DE8F901E0A521C00D32F9E /* Debug */,
				D3DE8F911E0A521C00D32F9E /* Release */,
			);
			defaultConfigurationIsVisible = 0;
		};
/* End XCConfigurationList section */
	};
	rootObject = D3DE8F621E0A521C00D32F9E /* Project object */;
}
